# This file was autogenerated by Stack.
# You should not edit this file by hand.
# For more information, please see the documentation at:
#   https://docs.haskellstack.org/en/stable/lock_files

packages:
- completed:
    hackage: optparse-applicative-0.14.3.0@sha256:37d7ff26d8cddf7f2b58e9ed60c1550f3d94b32bc449e3c038be074f256e08a8,4376
    pantry-tree:
      size: 2643
      sha256: c23d41e112198ffb15c57101c90feb3e7dbf2771e48610e3c30fb367f92eaaeb
  original:
    hackage: optparse-applicative-0.14.3.0
snapshots:
- completed:
    size: 523443
    url: https://raw.githubusercontent.com/commercialhaskell/stackage-snapshots/master/lts/14/0.yaml
    sha256: 283773e7120f5446d961eab35ea95c9af9c24187cc178537bd29273200a05171
  original: lts-14.0
